
Microsoft Visual Studio Solution File, Format Version 12.00
# Visual Studio Version 17
VisualStudioVersion = 17.0.32112.339
MinimumVisualStudioVersion = 10.0.40219.1
Project("{9A19103F-16F7-4668-BE54-9A1E7A4F7556}") = "Excersize17IndustrialMachine", "Excersize17IndustrialMachine\Excersize17IndustrialMachine.csproj", "{88844D6B-F466-480A-AFF5-810CA7D5EC0A}"
EndProject
Project("{9A19103F-16F7-4668-BE54-9A1E7A4F7556}") = "Excersize18IndustrialMachine", "Excersize18IndustrialMachine\Excersize18IndustrialMachine.csproj", "{2D429028-3365-4003-B203-1A11E1E786CD}"
EndProject
Project("{9A19103F-16F7-4668-BE54-9A1E7A4F7556}") = "IndustrialMachine.Data", "IndustrialMachine.Data\IndustrialMachine.Data.csproj", "{9D1B4D28-E5C5-49A3-A080-5617AE7C2A8D}"
EndProject
Project("{FAE04EC0-301F-11D3-BF4B-00C04F79EFBC}") = "IndustrialTesting", "IndustrialTesting\IndustrialTesting.csproj", "{B9E1E425-A67D-49E2-A8F4-64CFCB164117}"
EndProject
Global
	GlobalSection(SolutionConfigurationPlatforms) = preSolution
		Debug|Any CPU = Debug|Any CPU
		Release|Any CPU = Release|Any CPU
	EndGlobalSection
	GlobalSection(ProjectConfigurationPlatforms) = postSolution
		{88844D6B-F466-480A-AFF5-810CA7D5EC0A}.Debug|Any CPU.ActiveCfg = Debug|Any CPU
		{88844D6B-F466-480A-AFF5-810CA7D5EC0A}.Debug|Any CPU.Build.0 = Debug|Any CPU
		{88844D6B-F466-480A-AFF5-810CA7D5EC0A}.Release|Any CPU.ActiveCfg = Release|Any CPU
		{88844D6B-F466-480A-AFF5-810CA7D5EC0A}.Release|Any CPU.Build.0 = Release|Any CPU
		{2D429028-3365-4003-B203-1A11E1E786CD}.Debug|Any CPU.ActiveCfg = Debug|Any CPU
		{2D429028-3365-4003-B203-1A11E1E786CD}.Debug|Any CPU.Build.0 = Debug|Any CPU
		{2D429028-3365-4003-B203-1A11E1E786CD}.Release|Any CPU.ActiveCfg = Release|Any CPU
		{2D429028-3365-4003-B203-1A11E1E786CD}.Release|Any CPU.Build.0 = Release|Any CPU
		{9D1B4D28-E5C5-49A3-A080-5617AE7C2A8D}.Debug|Any CPU.ActiveCfg = Debug|Any CPU
		{9D1B4D28-E5C5-49A3-A080-5617AE7C2A8D}.Debug|Any CPU.Build.0 = Debug|Any CPU
		{9D1B4D28-E5C5-49A3-A080-5617AE7C2A8D}.Release|Any CPU.ActiveCfg = Release|Any CPU
		{9D1B4D28-E5C5-49A3-A080-5617AE7C2A8D}.Release|Any CPU.Build.0 = Release|Any CPU
		{B9E1E425-A67D-49E2-A8F4-64CFCB164117}.Debug|Any CPU.ActiveCfg = Debug|Any CPU
		{B9E1E425-A67D-49E2-A8F4-64CFCB164117}.Debug|Any CPU.Build.0 = Debug|Any CPU
		{B9E1E425-A67D-49E2-A8F4-64CFCB164117}.Release|Any CPU.ActiveCfg = Release|Any CPU
		{B9E1E425-A67D-49E2-A8F4-64CFCB164117}.Release|Any CPU.Build.0 = Release|Any CPU
	EndGlobalSection
	GlobalSection(SolutionProperties) = preSolution
		HideSolutionNode = FALSE
	EndGlobalSection
	GlobalSection(ExtensibilityGlobals) = postSolution
		SolutionGuid = {3EEF8860-121D-493C-AFF0-A8F65C390F72}
	EndGlobalSection
EndGlobal
